
Microsoft Visual Studio Solution File, Format Version 12.00
# Visual Studio Version 17
VisualStudioVersion = 17.5.33424.131
MinimumVisualStudioVersion = 10.0.40219.1
Project("{FAE04EC0-301F-11D3-BF4B-00C04F79EFBC}") = "WpfApp07", "WpfApp07\WpfApp07.csproj", "{86291FF3-DCF9-405F-8392-4A40DC805516}"
EndProject
Project("{FAE04EC0-301F-11D3-BF4B-00C04F79EFBC}") = "Business", "Business\Business.csproj", "{C432DBB0-A6CE-410F-8E34-72B97E4A3A22}"
EndProject
Project("{FAE04EC0-301F-11D3-BF4B-00C04F79EFBC}") = "Entity", "Entity\Entity.csproj", "{552BED59-3ED0-4A89-A1BD-8F46AE0B2CCC}"
EndProject
Project("{FAE04EC0-301F-11D3-BF4B-00C04F79EFBC}") = "Data", "Data\Data.csproj", "{46AB59D3-F968-4E97-966A-C5E96AF26943}"
EndProject
Global
	GlobalSection(SolutionConfigurationPlatforms) = preSolution
		Debug|Any CPU = Debug|Any CPU
		Release|Any CPU = Release|Any CPU
	EndGlobalSection
	GlobalSection(ProjectConfigurationPlatforms) = postSolution
		{86291FF3-DCF9-405F-8392-4A40DC805516}.Debug|Any CPU.ActiveCfg = Debug|Any CPU
		{86291FF3-DCF9-405F-8392-4A40DC805516}.Debug|Any CPU.Build.0 = Debug|Any CPU
		{86291FF3-DCF9-405F-8392-4A40DC805516}.Release|Any CPU.ActiveCfg = Release|Any CPU
		{86291FF3-DCF9-405F-8392-4A40DC805516}.Release|Any CPU.Build.0 = Release|Any CPU
		{C432DBB0-A6CE-410F-8E34-72B97E4A3A22}.Debug|Any CPU.ActiveCfg = Debug|Any CPU
		{C432DBB0-A6CE-410F-8E34-72B97E4A3A22}.Debug|Any CPU.Build.0 = Debug|Any CPU
		{C432DBB0-A6CE-410F-8E34-72B97E4A3A22}.Release|Any CPU.ActiveCfg = Release|Any CPU
		{C432DBB0-A6CE-410F-8E34-72B97E4A3A22}.Release|Any CPU.Build.0 = Release|Any CPU
		{552BED59-3ED0-4A89-A1BD-8F46AE0B2CCC}.Debug|Any CPU.ActiveCfg = Debug|Any CPU
		{552BED59-3ED0-4A89-A1BD-8F46AE0B2CCC}.Debug|Any CPU.Build.0 = Debug|Any CPU
		{552BED59-3ED0-4A89-A1BD-8F46AE0B2CCC}.Release|Any CPU.ActiveCfg = Release|Any CPU
		{552BED59-3ED0-4A89-A1BD-8F46AE0B2CCC}.Release|Any CPU.Build.0 = Release|Any CPU
		{46AB59D3-F968-4E97-966A-C5E96AF26943}.Debug|Any CPU.ActiveCfg = Debug|Any CPU
		{46AB59D3-F968-4E97-966A-C5E96AF26943}.Debug|Any CPU.Build.0 = Debug|Any CPU
		{46AB59D3-F968-4E97-966A-C5E96AF26943}.Release|Any CPU.ActiveCfg = Release|Any CPU
		{46AB59D3-F968-4E97-966A-C5E96AF26943}.Release|Any CPU.Build.0 = Release|Any CPU
	EndGlobalSection
	GlobalSection(SolutionProperties) = preSolution
		HideSolutionNode = FALSE
	EndGlobalSection
	GlobalSection(ExtensibilityGlobals) = postSolution
		SolutionGuid = {01767DD8-4159-43AF-97F1-560ED41719A1}
	EndGlobalSection
EndGlobal
